
Microsoft Visual Studio Solution File, Format Version 12.00
# Visual Studio Version 16
VisualStudioVersion = 16.0.29503.13
MinimumVisualStudioVersion = 10.0.40219.1
Project("{9A19103F-16F7-4668-BE54-9A1E7A4F7556}") = "OverlyComplicatedDataTools", "OverlyComplicatedDataTools\OverlyComplicatedDataTools.csproj", "{5A521DBB-9EC1-4E7E-9CDC-9EE1E46DE787}"
EndProject
Project("{9A19103F-16F7-4668-BE54-9A1E7A4F7556}") = "OverlyComplicatedDataTools.Core", "OverlyComplicatedDataTools.Core\OverlyComplicatedDataTools.Core.csproj", "{DA84C916-8730-4E50-B97B-6FA847E200BC}"
EndProject
Project("{9A19103F-16F7-4668-BE54-9A1E7A4F7556}") = "OverlyComplicatedDataTools.Tests", "OverlyComplicatedDataTools.Tests\OverlyComplicatedDataTools.Tests.csproj", "{D1D13A0B-FC6B-488E-9F0B-16E545F03C23}"
EndProject
Project("{FAE04EC0-301F-11D3-BF4B-00C04F79EFBC}") = "OverlyComplicatedDataTools.Cryptography", "OverlyComplicatedDataTools.Security\OverlyComplicatedDataTools.Cryptography.csproj", "{1ACC685F-B150-4C7D-9870-780E5CF4AB1E}"
EndProject
Global
	GlobalSection(SolutionConfigurationPlatforms) = preSolution
		Debug|Any CPU = Debug|Any CPU
		Release|Any CPU = Release|Any CPU
	EndGlobalSection
	GlobalSection(ProjectConfigurationPlatforms) = postSolution
		{5A521DBB-9EC1-4E7E-9CDC-9EE1E46DE787}.Debug|Any CPU.ActiveCfg = Debug|Any CPU
		{5A521DBB-9EC1-4E7E-9CDC-9EE1E46DE787}.Debug|Any CPU.Build.0 = Debug|Any CPU
		{5A521DBB-9EC1-4E7E-9CDC-9EE1E46DE787}.Release|Any CPU.ActiveCfg = Release|Any CPU
		{5A521DBB-9EC1-4E7E-9CDC-9EE1E46DE787}.Release|Any CPU.Build.0 = Release|Any CPU
		{DA84C916-8730-4E50-B97B-6FA847E200BC}.Debug|Any CPU.ActiveCfg = Debug|Any CPU
		{DA84C916-8730-4E50-B97B-6FA847E200BC}.Debug|Any CPU.Build.0 = Debug|Any CPU
		{DA84C916-8730-4E50-B97B-6FA847E200BC}.Release|Any CPU.ActiveCfg = Release|Any CPU
		{DA84C916-8730-4E50-B97B-6FA847E200BC}.Release|Any CPU.Build.0 = Release|Any CPU
		{D1D13A0B-FC6B-488E-9F0B-16E545F03C23}.Debug|Any CPU.ActiveCfg = Debug|Any CPU
		{D1D13A0B-FC6B-488E-9F0B-16E545F03C23}.Debug|Any CPU.Build.0 = Debug|Any CPU
		{D1D13A0B-FC6B-488E-9F0B-16E545F03C23}.Release|Any CPU.ActiveCfg = Release|Any CPU
		{D1D13A0B-FC6B-488E-9F0B-16E545F03C23}.Release|Any CPU.Build.0 = Release|Any CPU
		{1ACC685F-B150-4C7D-9870-780E5CF4AB1E}.Debug|Any CPU.ActiveCfg = Debug|Any CPU
		{1ACC685F-B150-4C7D-9870-780E5CF4AB1E}.Debug|Any CPU.Build.0 = Debug|Any CPU
		{1ACC685F-B150-4C7D-9870-780E5CF4AB1E}.Release|Any CPU.ActiveCfg = Release|Any CPU
		{1ACC685F-B150-4C7D-9870-780E5CF4AB1E}.Release|Any CPU.Build.0 = Release|Any CPU
	EndGlobalSection
	GlobalSection(SolutionProperties) = preSolution
		HideSolutionNode = FALSE
	EndGlobalSection
	GlobalSection(ExtensibilityGlobals) = postSolution
		SolutionGuid = {2AC97F5C-6516-45EF-A9D6-C87A740C4021}
	EndGlobalSection
EndGlobal
